
Microsoft Visual Studio Solution File, Format Version 12.00
# Visual Studio Version 17
VisualStudioVersion = 17.10.34916.146
MinimumVisualStudioVersion = 10.0.40219.1
Project("{FAE04EC0-301F-11D3-BF4B-00C04F79EFBC}") = "TccBackend", "TccBackend\TccBackend.csproj", "{14AD9A34-7D58-4F1F-B580-E39CB57E827F}"
EndProject
Global
	GlobalSection(SolutionConfigurationPlatforms) = preSolution
		Debug|Any CPU = Debug|Any CPU
		Release|Any CPU = Release|Any CPU
	EndGlobalSection
	GlobalSection(ProjectConfigurationPlatforms) = postSolution
		{14AD9A34-7D58-4F1F-B580-E39CB57E827F}.Debug|Any CPU.ActiveCfg = Debug|Any CPU
		{14AD9A34-7D58-4F1F-B580-E39CB57E827F}.Debug|Any CPU.Build.0 = Debug|Any CPU
		{14AD9A34-7D58-4F1F-B580-E39CB57E827F}.Release|Any CPU.ActiveCfg = Release|Any CPU
		{14AD9A34-7D58-4F1F-B580-E39CB57E827F}.Release|Any CPU.Build.0 = Release|Any CPU
	EndGlobalSection
	GlobalSection(SolutionProperties) = preSolution
		HideSolutionNode = FALSE
	EndGlobalSection
	GlobalSection(ExtensibilityGlobals) = postSolution
		SolutionGuid = {9326C056-B36C-41C4-B287-1F5E730BC25D}
	EndGlobalSection
EndGlobal
